// !$*UTF8*$!
{
	archiveVersion = 1;
	classes = {
	};
	objectVersion = 56;
	objects = {

/* Begin PBXBuildFile section */
		D9B657892C1F085D00F0C6FD /* AppDelegate.swift in Sources */ = {isa = PBXBuildFile; fileRef = D9B657882C1F085D00F0C6FD /* AppDelegate.swift */; };
		D9B6578B2C1F085D00F0C6FD /* SceneDelegate.swift in Sources */ = {isa = PBXBuildFile; fileRef = D9B6578A2C1F085D00F0C6FD /* SceneDelegate.swift */; };
		D9B6578D2C1F085D00F0C6FD /* ViewControllerMain.swift in Sources */ = {isa = PBXBuildFile; fileRef = D9B6578C2C1F085D00F0C6FD /* ViewControllerMain.swift */; };
		D9B657922C1F085F00F0C6FD /* Assets.xcassets in Resources */ = {isa = PBXBuildFile; fileRef = D9B657912C1F085F00F0C6FD /* Assets.xcassets */; };
		D9B657952C1F085F00F0C6FD /* Base in Resources */ = {isa = PBXBuildFile; fileRef = D9B657942C1F085F00F0C6FD /* Base */; };
		D9B6579D2C2DA9B700F0C6FD /* PresenterMain.swift in Sources */ = {isa = PBXBuildFile; fileRef = D9B6579C2C2DA9B700F0C6FD /* PresenterMain.swift */; };
		D9B6579F2C2DAA6600F0C6FD /* ServiceMain.swift in Sources */ = {isa = PBXBuildFile; fileRef = D9B6579E2C2DAA6600F0C6FD /* ServiceMain.swift */; };
		D9B657A12C2DAAEF00F0C6FD /* AssemblyMain.swift in Sources */ = {isa = PBXBuildFile; fileRef = D9B657A02C2DAAEF00F0C6FD /* AssemblyMain.swift */; };
		D9E2D20B2C8DD48500B90D93 /* ViewControllerMainTests.swift in Sources */ = {isa = PBXBuildFile; fileRef = D9E2D20A2C8DD48500B90D93 /* ViewControllerMainTests.swift */; };
		D9E2D20D2C8DD51300B90D93 /* PresenterMainTests.swift in Sources */ = {isa = PBXBuildFile; fileRef = D9E2D20C2C8DD51300B90D93 /* PresenterMainTests.swift */; };
		D9E2D20F2C8DD51600B90D93 /* ServiceMainTests.swift in Sources */ = {isa = PBXBuildFile; fileRef = D9E2D20E2C8DD51600B90D93 /* ServiceMainTests.swift */; };
		D9E2D2102C8DDCAB00B90D93 /* PresenterMain.swift in Sources */ = {isa = PBXBuildFile; fileRef = D9B6579C2C2DA9B700F0C6FD /* PresenterMain.swift */; };
		D9E2D2112C8DDCB800B90D93 /* ServiceMain.swift in Sources */ = {isa = PBXBuildFile; fileRef = D9B6579E2C2DAA6600F0C6FD /* ServiceMain.swift */; };
		D9E2D2122C8DDCBB00B90D93 /* ViewControllerMain.swift in Sources */ = {isa = PBXBuildFile; fileRef = D9B6578C2C1F085D00F0C6FD /* ViewControllerMain.swift */; };
		D9E2D2132C8DDCBE00B90D93 /* AssemblyMain.swift in Sources */ = {isa = PBXBuildFile; fileRef = D9B657A02C2DAAEF00F0C6FD /* AssemblyMain.swift */; };
/* End PBXBuildFile section */

/* Begin PBXContainerItemProxy section */
		D9E2D2052C8DD3E900B90D93 /* PBXContainerItemProxy */ = {
			isa = PBXContainerItemProxy;
			containerPortal = D9B6577D2C1F085D00F0C6FD /* Project object */;
			proxyType = 1;
			remoteGlobalIDString = D9B657842C1F085D00F0C6FD;
			remoteInfo = 1;
		};
/* End PBXContainerItemProxy section */

/* Begin PBXFileReference section */
		D9B657852C1F085D00F0C6FD /* 1.app */ = {isa = PBXFileReference; explicitFileType = wrapper.application; includeInIndex = 0; path = 1.app; sourceTree = BUILT_PRODUCTS_DIR; };
		D9B657882C1F085D00F0C6FD /* AppDelegate.swift */ = {isa = PBXFileReference; lastKnownFileType = sourcecode.swift; path = AppDelegate.swift; sourceTree = "<group>"; };
		D9B6578A2C1F085D00F0C6FD /* SceneDelegate.swift */ = {isa = PBXFileReference; lastKnownFileType = sourcecode.swift; path = SceneDelegate.swift; sourceTree = "<group>"; };
		D9B6578C2C1F085D00F0C6FD /* ViewControllerMain.swift */ = {isa = PBXFileReference; lastKnownFileType = sourcecode.swift; path = ViewControllerMain.swift; sourceTree = "<group>"; };
		D9B657912C1F085F00F0C6FD /* Assets.xcassets */ = {isa = PBXFileReference; lastKnownFileType = folder.assetcatalog; path = Assets.xcassets; sourceTree = "<group>"; };
		D9B657942C1F085F00F0C6FD /* Base */ = {isa = PBXFileReference; lastKnownFileType = file.storyboard; name = Base; path = Base.lproj/LaunchScreen.storyboard; sourceTree = "<group>"; };
		D9B657962C1F085F00F0C6FD /* Info.plist */ = {isa = PBXFileReference; lastKnownFileType = text.plist.xml; path = Info.plist; sourceTree = "<group>"; };
		D9B6579C2C2DA9B700F0C6FD /* PresenterMain.swift */ = {isa = PBXFileReference; lastKnownFileType = sourcecode.swift; path = PresenterMain.swift; sourceTree = "<group>"; };
		D9B6579E2C2DAA6600F0C6FD /* ServiceMain.swift */ = {isa = PBXFileReference; lastKnownFileType = sourcecode.swift; path = ServiceMain.swift; sourceTree = "<group>"; };
		D9B657A02C2DAAEF00F0C6FD /* AssemblyMain.swift */ = {isa = PBXFileReference; lastKnownFileType = sourcecode.swift; path = AssemblyMain.swift; sourceTree = "<group>"; };
		D9E2D2012C8DD3E900B90D93 /* 1Tests.xctest */ = {isa = PBXFileReference; explicitFileType = wrapper.cfbundle; includeInIndex = 0; path = 1Tests.xctest; sourceTree = BUILT_PRODUCTS_DIR; };
		D9E2D20A2C8DD48500B90D93 /* ViewControllerMainTests.swift */ = {isa = PBXFileReference; lastKnownFileType = sourcecode.swift; path = ViewControllerMainTests.swift; sourceTree = "<group>"; };
		D9E2D20C2C8DD51300B90D93 /* PresenterMainTests.swift */ = {isa = PBXFileReference; lastKnownFileType = sourcecode.swift; path = PresenterMainTests.swift; sourceTree = "<group>"; };
		D9E2D20E2C8DD51600B90D93 /* ServiceMainTests.swift */ = {isa = PBXFileReference; lastKnownFileType = sourcecode.swift; path = ServiceMainTests.swift; sourceTree = "<group>"; };
/* End PBXFileReference section */

/* Begin PBXFrameworksBuildPhase section */
		D9B657822C1F085D00F0C6FD /* Frameworks */ = {
			isa = PBXFrameworksBuildPhase;
			buildActionMask = 2147483647;
			files = (
			);
			runOnlyForDeploymentPostprocessing = 0;
		};
		D9E2D1FE2C8DD3E900B90D93 /* Frameworks */ = {
			isa = PBXFrameworksBuildPhase;
			buildActionMask = 2147483647;
			files = (
			);
			runOnlyForDeploymentPostprocessing = 0;
		};
/* End PBXFrameworksBuildPhase section */

/* Begin PBXGroup section */
		D9B6577C2C1F085D00F0C6FD = {
			isa = PBXGroup;
			children = (
				D9B657872C1F085D00F0C6FD /* App */,
				D9E2D2022C8DD3E900B90D93 /* 1Tests */,
				D9B657862C1F085D00F0C6FD /* Products */,
			);
			sourceTree = "<group>";
		};
		D9B657862C1F085D00F0C6FD /* Products */ = {
			isa = PBXGroup;
			children = (
				D9B657852C1F085D00F0C6FD /* 1.app */,
				D9E2D2012C8DD3E900B90D93 /* 1Tests.xctest */,
			);
			name = Products;
			sourceTree = "<group>";
		};
		D9B657872C1F085D00F0C6FD /* App */ = {
			isa = PBXGroup;
			children = (
				D9B6578A2C1F085D00F0C6FD /* SceneDelegate.swift */,
				D9B657882C1F085D00F0C6FD /* AppDelegate.swift */,
				D9E2D1FC2C8B30AB00B90D93 /* ScreenMain */,
				D9B657912C1F085F00F0C6FD /* Assets.xcassets */,
				D9B657932C1F085F00F0C6FD /* LaunchScreen.storyboard */,
				D9B657962C1F085F00F0C6FD /* Info.plist */,
			);
			path = App;
			sourceTree = "<group>";
		};
		D9E2D1FC2C8B30AB00B90D93 /* ScreenMain */ = {
			isa = PBXGroup;
			children = (
				D9B6578C2C1F085D00F0C6FD /* ViewControllerMain.swift */,
				D9B657A02C2DAAEF00F0C6FD /* AssemblyMain.swift */,
				D9B6579C2C2DA9B700F0C6FD /* PresenterMain.swift */,
				D9B6579E2C2DAA6600F0C6FD /* ServiceMain.swift */,
			);
			path = ScreenMain;
			sourceTree = "<group>";
		};
		D9E2D2022C8DD3E900B90D93 /* 1Tests */ = {
			isa = PBXGroup;
			children = (
				D9E2D20C2C8DD51300B90D93 /* PresenterMainTests.swift */,
				D9E2D20E2C8DD51600B90D93 /* ServiceMainTests.swift */,
				D9E2D20A2C8DD48500B90D93 /* ViewControllerMainTests.swift */,
			);
			path = 1Tests;
			sourceTree = "<group>";
		};
/* End PBXGroup section */

/* Begin PBXNativeTarget section */
		D9B657842C1F085D00F0C6FD /* 1 */ = {
			isa = PBXNativeTarget;
			buildConfigurationList = D9B657992C1F085F00F0C6FD /* Build configuration list for PBXNativeTarget "1" */;
			buildPhases = (
				D9B657812C1F085D00F0C6FD /* Sources */,
				D9B657822C1F085D00F0C6FD /* Frameworks */,
				D9B657832C1F085D00F0C6FD /* Resources */,
			);
			buildRules = (
			);
			dependencies = (
			);
			name = 1;
			productName = 1;
			productReference = D9B657852C1F085D00F0C6FD /* 1.app */;
			productType = "com.apple.product-type.application";
		};
		D9E2D2002C8DD3E900B90D93 /* 1Tests */ = {
			isa = PBXNativeTarget;
			buildConfigurationList = D9E2D2072C8DD3E900B90D93 /* Build configuration list for PBXNativeTarget "1Tests" */;
			buildPhases = (
				D9E2D1FD2C8DD3E900B90D93 /* Sources */,
				D9E2D1FE2C8DD3E900B90D93 /* Frameworks */,
				D9E2D1FF2C8DD3E900B90D93 /* Resources */,
			);
			buildRules = (
			);
			dependencies = (
				D9E2D2062C8DD3E900B90D93 /* PBXTargetDependency */,
			);
			name = 1Tests;
			productName = 1Tests;
			productReference = D9E2D2012C8DD3E900B90D93 /* 1Tests.xctest */;
			productType = "com.apple.product-type.bundle.unit-test";
		};
/* End PBXNativeTarget section */

/* Begin PBXProject section */
		D9B6577D2C1F085D00F0C6FD /* Project object */ = {
			isa = PBXProject;
			attributes = {
				BuildIndependentTargetsInParallel = 1;
				LastSwiftUpdateCheck = 1530;
				LastUpgradeCheck = 1530;
				TargetAttributes = {
					D9B657842C1F085D00F0C6FD = {
						CreatedOnToolsVersion = 15.3;
					};
					D9E2D2002C8DD3E900B90D93 = {
						CreatedOnToolsVersion = 15.3;
						TestTargetID = D9B657842C1F085D00F0C6FD;
					};
				};
			};
			buildConfigurationList = D9B657802C1F085D00F0C6FD /* Build configuration list for PBXProject "1" */;
			compatibilityVersion = "Xcode 14.0";
			developmentRegion = en;
			hasScannedForEncodings = 0;
			knownRegions = (
				en,
				Base,
			);
			mainGroup = D9B6577C2C1F085D00F0C6FD;
			productRefGroup = D9B657862C1F085D00F0C6FD /* Products */;
			projectDirPath = "";
			projectRoot = "";
			targets = (
				D9B657842C1F085D00F0C6FD /* 1 */,
				D9E2D2002C8DD3E900B90D93 /* 1Tests */,
			);
		};
/* End PBXProject section */

/* Begin PBXResourcesBuildPhase section */
		D9B657832C1F085D00F0C6FD /* Resources */ = {
			isa = PBXResourcesBuildPhase;
			buildActionMask = 2147483647;
			files = (
				D9B657922C1F085F00F0C6FD /* Assets.xcassets in Resources */,
				D9B657952C1F085F00F0C6FD /* Base in Resources */,
			);
			runOnlyForDeploymentPostprocessing = 0;
		};
		D9E2D1FF2C8DD3E900B90D93 /* Resources */ = {
			isa = PBXResourcesBuildPhase;
			buildActionMask = 2147483647;
			files = (
			);
			runOnlyForDeploymentPostprocessing = 0;
		};
/* End PBXResourcesBuildPhase section */

/* Begin PBXSourcesBuildPhase section */
		D9B657812C1F085D00F0C6FD /* Sources */ = {
			isa = PBXSourcesBuildPhase;
			buildActionMask = 2147483647;
			files = (
				D9B6578D2C1F085D00F0C6FD /* ViewControllerMain.swift in Sources */,
				D9B657A12C2DAAEF00F0C6FD /* AssemblyMain.swift in Sources */,
				D9B657892C1F085D00F0C6FD /* AppDelegate.swift in Sources */,
				D9B6579F2C2DAA6600F0C6FD /* ServiceMain.swift in Sources */,
				D9B6579D2C2DA9B700F0C6FD /* PresenterMain.swift in Sources */,
				D9B6578B2C1F085D00F0C6FD /* SceneDelegate.swift in Sources */,
			);
			runOnlyForDeploymentPostprocessing = 0;
		};
		D9E2D1FD2C8DD3E900B90D93 /* Sources */ = {
			isa = PBXSourcesBuildPhase;
			buildActionMask = 2147483647;
			files = (
				D9E2D20D2C8DD51300B90D93 /* PresenterMainTests.swift in Sources */,
				D9E2D2112C8DDCB800B90D93 /* ServiceMain.swift in Sources */,
				D9E2D20B2C8DD48500B90D93 /* ViewControllerMainTests.swift in Sources */,
				D9E2D2122C8DDCBB00B90D93 /* ViewControllerMain.swift in Sources */,
				D9E2D20F2C8DD51600B90D93 /* ServiceMainTests.swift in Sources */,
				D9E2D2102C8DDCAB00B90D93 /* PresenterMain.swift in Sources */,
				D9E2D2132C8DDCBE00B90D93 /* AssemblyMain.swift in Sources */,
			);
			runOnlyForDeploymentPostprocessing = 0;
		};
/* End PBXSourcesBuildPhase section */

/* Begin PBXTargetDependency section */
		D9E2D2062C8DD3E900B90D93 /* PBXTargetDependency */ = {
			isa = PBXTargetDependency;
			target = D9B657842C1F085D00F0C6FD /* 1 */;
			targetProxy = D9E2D2052C8DD3E900B90D93 /* PBXContainerItemProxy */;
		};
/* End PBXTargetDependency section */

/* Begin PBXVariantGroup section */
		D9B657932C1F085F00F0C6FD /* LaunchScreen.storyboard */ = {
			isa = PBXVariantGroup;
			children = (
				D9B657942C1F085F00F0C6FD /* Base */,
			);
			name = LaunchScreen.storyboard;
			sourceTree = "<group>";
		};
/* End PBXVariantGroup section */

/* Begin XCBuildConfiguration section */
		D9B657972C1F085F00F0C6FD /* Debug */ = {
			isa = XCBuildConfiguration;
			buildSettings = {
				ALWAYS_SEARCH_USER_PATHS = NO;
				ASSETCATALOG_COMPILER_GENERATE_SWIFT_ASSET_SYMBOL_EXTENSIONS = YES;
				CLANG_ANALYZER_NONNULL = YES;
				CLANG_ANALYZER_NUMBER_OBJECT_CONVERSION = YES_AGGRESSIVE;
				CLANG_CXX_LANGUAGE_STANDARD = "gnu++20";
				CLANG_ENABLE_MODULES = YES;
				CLANG_ENABLE_OBJC_ARC = YES;
				CLANG_ENABLE_OBJC_WEAK = YES;
				CLANG_WARN_BLOCK_CAPTURE_AUTORELEASING = YES;
				CLANG_WARN_BOOL_CONVERSION = YES;
				CLANG_WARN_COMMA = YES;
				CLANG_WARN_CONSTANT_CONVERSION = YES;
				CLANG_WARN_DEPRECATED_OBJC_IMPLEMENTATIONS = YES;
				CLANG_WARN_DIRECT_OBJC_ISA_USAGE = YES_ERROR;
				CLANG_WARN_DOCUMENTATION_COMMENTS = YES;
				CLANG_WARN_EMPTY_BODY = YES;
				CLANG_WARN_ENUM_CONVERSION = YES;
				CLANG_WARN_INFINITE_RECURSION = YES;
				CLANG_WARN_INT_CONVERSION = YES;
				CLANG_WARN_NON_LITERAL_NULL_CONVERSION = YES;
				CLANG_WARN_OBJC_IMPLICIT_RETAIN_SELF = YES;
				CLANG_WARN_OBJC_LITERAL_CONVERSION = YES;
				CLANG_WARN_OBJC_ROOT_CLASS = YES_ERROR;
				CLANG_WARN_QUOTED_INCLUDE_IN_FRAMEWORK_HEADER = YES;
				CLANG_WARN_RANGE_LOOP_ANALYSIS = YES;
				CLANG_WARN_STRICT_PROTOTYPES = YES;
				CLANG_WARN_SUSPICIOUS_MOVE = YES;
				CLANG_WARN_UNGUARDED_AVAILABILITY = YES_AGGRESSIVE;
				CLANG_WARN_UNREACHABLE_CODE = YES;
				CLANG_WARN__DUPLICATE_METHOD_MATCH = YES;
				COPY_PHASE_STRIP = NO;
				DEBUG_INFORMATION_FORMAT = dwarf;
				ENABLE_STRICT_OBJC_MSGSEND = YES;
				ENABLE_TESTABILITY = YES;
				ENABLE_USER_SCRIPT_SANDBOXING = YES;
				GCC_C_LANGUAGE_STANDARD = gnu17;
				GCC_DYNAMIC_NO_PIC = NO;
				GCC_NO_COMMON_BLOCKS = YES;
				GCC_OPTIMIZATION_LEVEL = 0;
				GCC_PREPROCESSOR_DEFINITIONS = (
					"DEBUG=1",
					"$(inherited)",
				);
				GCC_WARN_64_TO_32_BIT_CONVERSION = YES;
				GCC_WARN_ABOUT_RETURN_TYPE = YES_ERROR;
				GCC_WARN_UNDECLARED_SELECTOR = YES;
				GCC_WARN_UNINITIALIZED_AUTOS = YES_AGGRESSIVE;
				GCC_WARN_UNUSED_FUNCTION = YES;
				GCC_WARN_UNUSED_VARIABLE = YES;
				IPHONEOS_DEPLOYMENT_TARGET = 17.4;
				LOCALIZATION_PREFERS_STRING_CATALOGS = YES;
				MTL_ENABLE_DEBUG_INFO = INCLUDE_SOURCE;
				MTL_FAST_MATH = YES;
				ONLY_ACTIVE_ARCH = YES;
				SDKROOT = iphoneos;
				SWIFT_ACTIVE_COMPILATION_CONDITIONS = "DEBUG $(inherited)";
				SWIFT_OPTIMIZATION_LEVEL = "-Onone";
			};
			name = Debug;
		};
		D9B657982C1F085F00F0C6FD /* Release */ = {
			isa = XCBuildConfiguration;
			buildSettings = {
				ALWAYS_SEARCH_USER_PATHS = NO;
				ASSETCATALOG_COMPILER_GENERATE_SWIFT_ASSET_SYMBOL_EXTENSIONS = YES;
				CLANG_ANALYZER_NONNULL = YES;
				CLANG_ANALYZER_NUMBER_OBJECT_CONVERSION = YES_AGGRESSIVE;
				CLANG_CXX_LANGUAGE_STANDARD = "gnu++20";
				CLANG_ENABLE_MODULES = YES;
				CLANG_ENABLE_OBJC_ARC = YES;
				CLANG_ENABLE_OBJC_WEAK = YES;
				CLANG_WARN_BLOCK_CAPTURE_AUTORELEASING = YES;
				CLANG_WARN_BOOL_CONVERSION = YES;
				CLANG_WARN_COMMA = YES;
				CLANG_WARN_CONSTANT_CONVERSION = YES;
				CLANG_WARN_DEPRECATED_OBJC_IMPLEMENTATIONS = YES;
				CLANG_WARN_DIRECT_OBJC_ISA_USAGE = YES_ERROR;
				CLANG_WARN_DOCUMENTATION_COMMENTS = YES;
				CLANG_WARN_EMPTY_BODY = YES;
				CLANG_WARN_ENUM_CONVERSION = YES;
				CLANG_WARN_INFINITE_RECURSION = YES;
				CLANG_WARN_INT_CONVERSION = YES;
				CLANG_WARN_NON_LITERAL_NULL_CONVERSION = YES;
				CLANG_WARN_OBJC_IMPLICIT_RETAIN_SELF = YES;
				CLANG_WARN_OBJC_LITERAL_CONVERSION = YES;
				CLANG_WARN_OBJC_ROOT_CLASS = YES_ERROR;
				CLANG_WARN_QUOTED_INCLUDE_IN_FRAMEWORK_HEADER = YES;
				CLANG_WARN_RANGE_LOOP_ANALYSIS = YES;
				CLANG_WARN_STRICT_PROTOTYPES = YES;
				CLANG_WARN_SUSPICIOUS_MOVE = YES;
				CLANG_WARN_UNGUARDED_AVAILABILITY = YES_AGGRESSIVE;
				CLANG_WARN_UNREACHABLE_CODE = YES;
				CLANG_WARN__DUPLICATE_METHOD_MATCH = YES;
				COPY_PHASE_STRIP = NO;
				DEBUG_INFORMATION_FORMAT = "dwarf-with-dsym";
				ENABLE_NS_ASSERTIONS = NO;
				ENABLE_STRICT_OBJC_MSGSEND = YES;
				ENABLE_TESTABILITY = NO;
				ENABLE_USER_SCRIPT_SANDBOXING = YES;
				GCC_C_LANGUAGE_STANDARD = gnu17;
				GCC_NO_COMMON_BLOCKS = YES;
				GCC_WARN_64_TO_32_BIT_CONVERSION = YES;
				GCC_WARN_ABOUT_RETURN_TYPE = YES_ERROR;
				GCC_WARN_UNDECLARED_SELECTOR = YES;
				GCC_WARN_UNINITIALIZED_AUTOS = YES_AGGRESSIVE;
				GCC_WARN_UNUSED_FUNCTION = YES;
				GCC_WARN_UNUSED_VARIABLE = YES;
				IPHONEOS_DEPLOYMENT_TARGET = 17.4;
				LOCALIZATION_PREFERS_STRING_CATALOGS = YES;
				MTL_ENABLE_DEBUG_INFO = NO;
				MTL_FAST_MATH = YES;
				SDKROOT = iphoneos;
				SWIFT_COMPILATION_MODE = wholemodule;
				VALIDATE_PRODUCT = YES;
			};
			name = Release;
		};
		D9B6579A2C1F085F00F0C6FD /* Debug */ = {
			isa = XCBuildConfiguration;
			buildSettings = {
				ASSETCATALOG_COMPILER_APPICON_NAME = AppIcon;
				ASSETCATALOG_COMPILER_GLOBAL_ACCENT_COLOR_NAME = AccentColor;
				CODE_SIGN_STYLE = Automatic;
				CURRENT_PROJECT_VERSION = 1;
				DEVELOPMENT_TEAM = 597DF497MN;
				GENERATE_INFOPLIST_FILE = YES;
				INFOPLIST_FILE = App/Info.plist;
				INFOPLIST_KEY_UIApplicationSupportsIndirectInputEvents = YES;
				INFOPLIST_KEY_UILaunchStoryboardName = LaunchScreen;
				INFOPLIST_KEY_UISupportedInterfaceOrientations_iPad = "UIInterfaceOrientationPortrait UIInterfaceOrientationPortraitUpsideDown UIInterfaceOrientationLandscapeLeft UIInterfaceOrientationLandscapeRight";
				INFOPLIST_KEY_UISupportedInterfaceOrientations_iPhone = "UIInterfaceOrientationPortrait UIInterfaceOrientationLandscapeLeft UIInterfaceOrientationLandscapeRight";
				LD_RUNPATH_SEARCH_PATHS = (
					"$(inherited)",
					"@executable_path/Frameworks",
				);
				MARKETING_VERSION = 1.0;
				PRODUCT_BUNDLE_IDENTIFIER = "com.test.-";
				PRODUCT_NAME = "$(TARGET_NAME)";
				SWIFT_EMIT_LOC_STRINGS = YES;
				SWIFT_VERSION = 5.0;
				TARGETED_DEVICE_FAMILY = "1,2";
			};
			name = Debug;
		};
		D9B6579B2C1F085F00F0C6FD /* Release */ = {
			isa = XCBuildConfiguration;
			buildSettings = {
				ASSETCATALOG_COMPILER_APPICON_NAME = AppIcon;
				ASSETCATALOG_COMPILER_GLOBAL_ACCENT_COLOR_NAME = AccentColor;
				CODE_SIGN_STYLE = Automatic;
				CURRENT_PROJECT_VERSION = 1;
				DEVELOPMENT_TEAM = 597DF497MN;
				GENERATE_INFOPLIST_FILE = YES;
				INFOPLIST_FILE = App/Info.plist;
				INFOPLIST_KEY_UIApplicationSupportsIndirectInputEvents = YES;
				INFOPLIST_KEY_UILaunchStoryboardName = LaunchScreen;
				INFOPLIST_KEY_UISupportedInterfaceOrientations_iPad = "UIInterfaceOrientationPortrait UIInterfaceOrientationPortraitUpsideDown UIInterfaceOrientationLandscapeLeft UIInterfaceOrientationLandscapeRight";
				INFOPLIST_KEY_UISupportedInterfaceOrientations_iPhone = "UIInterfaceOrientationPortrait UIInterfaceOrientationLandscapeLeft UIInterfaceOrientationLandscapeRight";
				LD_RUNPATH_SEARCH_PATHS = (
					"$(inherited)",
					"@executable_path/Frameworks",
				);
				MARKETING_VERSION = 1.0;
				PRODUCT_BUNDLE_IDENTIFIER = "com.test.-";
				PRODUCT_NAME = "$(TARGET_NAME)";
				SWIFT_EMIT_LOC_STRINGS = YES;
				SWIFT_VERSION = 5.0;
				TARGETED_DEVICE_FAMILY = "1,2";
			};
			name = Release;
		};
		D9E2D2082C8DD3E900B90D93 /* Debug */ = {
			isa = XCBuildConfiguration;
			buildSettings = {
				BUNDLE_LOADER = "$(TEST_HOST)";
				CODE_SIGN_STYLE = Automatic;
				CURRENT_PROJECT_VERSION = 1;
				DEVELOPMENT_TEAM = 597DF497MN;
				GENERATE_INFOPLIST_FILE = YES;
				MARKETING_VERSION = 1.0;
				PRODUCT_BUNDLE_IDENTIFIER = "com.test.-Tests";
				PRODUCT_NAME = "$(TARGET_NAME)";
				SWIFT_EMIT_LOC_STRINGS = NO;
				SWIFT_VERSION = 5.0;
				TARGETED_DEVICE_FAMILY = "1,2";
				TEST_HOST = "$(BUILT_PRODUCTS_DIR)/1.app/$(BUNDLE_EXECUTABLE_FOLDER_PATH)/1";
			};
			name = Debug;
		};
		D9E2D2092C8DD3E900B90D93 /* Release */ = {
			isa = XCBuildConfiguration;
			buildSettings = {
				BUNDLE_LOADER = "$(TEST_HOST)";
				CODE_SIGN_STYLE = Automatic;
				CURRENT_PROJECT_VERSION = 1;
				DEVELOPMENT_TEAM = 597DF497MN;
				GENERATE_INFOPLIST_FILE = YES;
				MARKETING_VERSION = 1.0;
				PRODUCT_BUNDLE_IDENTIFIER = "com.test.-Tests";
				PRODUCT_NAME = "$(TARGET_NAME)";
				SWIFT_EMIT_LOC_STRINGS = NO;
				SWIFT_VERSION = 5.0;
				TARGETED_DEVICE_FAMILY = "1,2";
				TEST_HOST = "$(BUILT_PRODUCTS_DIR)/1.app/$(BUNDLE_EXECUTABLE_FOLDER_PATH)/1";
			};
			name = Release;
		};
/* End XCBuildConfiguration section */

/* Begin XCConfigurationList section */
		D9B657802C1F085D00F0C6FD /* Build configuration list for PBXProject "1" */ = {
			isa = XCConfigurationList;
			buildConfigurations = (
				D9B657972C1F085F00F0C6FD /* Debug */,
				D9B657982C1F085F00F0C6FD /* Release */,
			);
			defaultConfigurationIsVisible = 0;
			defaultConfigurationName = Release;
		};
		D9B657992C1F085F00F0C6FD /* Build configuration list for PBXNativeTarget "1" */ = {
			isa = XCConfigurationList;
			buildConfigurations = (
				D9B6579A2C1F085F00F0C6FD /* Debug */,
				D9B6579B2C1F085F00F0C6FD /* Release */,
			);
			defaultConfigurationIsVisible = 0;
			defaultConfigurationName = Release;
		};
		D9E2D2072C8DD3E900B90D93 /* Build configuration list for PBXNativeTarget "1Tests" */ = {
			isa = XCConfigurationList;
			buildConfigurations = (
				D9E2D2082C8DD3E900B90D93 /* Debug */,
				D9E2D2092C8DD3E900B90D93 /* Release */,
			);
			defaultConfigurationIsVisible = 0;
			defaultConfigurationName = Release;
		};
/* End XCConfigurationList section */
	};
	rootObject = D9B6577D2C1F085D00F0C6FD /* Project object */;
}
